
Microsoft Visual Studio Solution File, Format Version 12.00
# Visual Studio Version 17
VisualStudioVersion = 17.5.33530.505
MinimumVisualStudioVersion = 10.0.40219.1
Project("{9A19103F-16F7-4668-BE54-9A1E7A4F7556}") = "Book-API", "Book-API.csproj", "{596A3815-8069-4D60-B830-3D2F19E77887}"
EndProject
Project("{9A19103F-16F7-4668-BE54-9A1E7A4F7556}") = "Book.Domain", "..\Bookify.Domain\Book.Domain.csproj", "{AD261A1D-4CCC-4958-9207-031499AFD564}"
EndProject
Project("{FAE04EC0-301F-11D3-BF4B-00C04F79EFBC}") = "Book.Application", "..\Bookify.Application\Book.Application.csproj", "{12535E09-8DA8-493F-8ABB-9D524010432E}"
EndProject
Project("{FAE04EC0-301F-11D3-BF4B-00C04F79EFBC}") = "Book.Infrastructure", "..\Book.Infrastructure\Book.Infrastructure.csproj", "{1B753FFA-014C-4F55-A300-4246FD361CCD}"
EndProject
Global
	GlobalSection(SolutionConfigurationPlatforms) = preSolution
		Debug|Any CPU = Debug|Any CPU
		Release|Any CPU = Release|Any CPU
	EndGlobalSection
	GlobalSection(ProjectConfigurationPlatforms) = postSolution
		{596A3815-8069-4D60-B830-3D2F19E77887}.Debug|Any CPU.ActiveCfg = Debug|Any CPU
		{596A3815-8069-4D60-B830-3D2F19E77887}.Debug|Any CPU.Build.0 = Debug|Any CPU
		{596A3815-8069-4D60-B830-3D2F19E77887}.Release|Any CPU.ActiveCfg = Release|Any CPU
		{596A3815-8069-4D60-B830-3D2F19E77887}.Release|Any CPU.Build.0 = Release|Any CPU
		{AD261A1D-4CCC-4958-9207-031499AFD564}.Debug|Any CPU.ActiveCfg = Debug|Any CPU
		{AD261A1D-4CCC-4958-9207-031499AFD564}.Debug|Any CPU.Build.0 = Debug|Any CPU
		{AD261A1D-4CCC-4958-9207-031499AFD564}.Release|Any CPU.ActiveCfg = Release|Any CPU
		{AD261A1D-4CCC-4958-9207-031499AFD564}.Release|Any CPU.Build.0 = Release|Any CPU
		{12535E09-8DA8-493F-8ABB-9D524010432E}.Debug|Any CPU.ActiveCfg = Debug|Any CPU
		{12535E09-8DA8-493F-8ABB-9D524010432E}.Debug|Any CPU.Build.0 = Debug|Any CPU
		{12535E09-8DA8-493F-8ABB-9D524010432E}.Release|Any CPU.ActiveCfg = Release|Any CPU
		{12535E09-8DA8-493F-8ABB-9D524010432E}.Release|Any CPU.Build.0 = Release|Any CPU
		{1B753FFA-014C-4F55-A300-4246FD361CCD}.Debug|Any CPU.ActiveCfg = Debug|Any CPU
		{1B753FFA-014C-4F55-A300-4246FD361CCD}.Debug|Any CPU.Build.0 = Debug|Any CPU
		{1B753FFA-014C-4F55-A300-4246FD361CCD}.Release|Any CPU.ActiveCfg = Release|Any CPU
		{1B753FFA-014C-4F55-A300-4246FD361CCD}.Release|Any CPU.Build.0 = Release|Any CPU
	EndGlobalSection
	GlobalSection(SolutionProperties) = preSolution
		HideSolutionNode = FALSE
	EndGlobalSection
	GlobalSection(ExtensibilityGlobals) = postSolution
		SolutionGuid = {3FBC0A4B-4B9E-45B7-AEA3-0B75E0B3C105}
	EndGlobalSection
EndGlobal
